
Microsoft Visual Studio Solution File, Format Version 12.00
# Visual Studio Version 17
VisualStudioVersion = 17.2.32630.192
MinimumVisualStudioVersion = 10.0.40219.1
Project("{FAE04EC0-301F-11D3-BF4B-00C04F79EFBC}") = "GADE6112_Malcom_Thonger_ST10074559_Part1", "GADE6112_Malcom_Thonger_ST10074559_Part1.csproj", "{18E5AC10-107D-474F-B5F3-373B41F1E4F9}"
EndProject
Global
	GlobalSection(SolutionConfigurationPlatforms) = preSolution
		Debug|Any CPU = Debug|Any CPU
		Release|Any CPU = Release|Any CPU
	EndGlobalSection
	GlobalSection(ProjectConfigurationPlatforms) = postSolution
		{18E5AC10-107D-474F-B5F3-373B41F1E4F9}.Debug|Any CPU.ActiveCfg = Debug|Any CPU
		{18E5AC10-107D-474F-B5F3-373B41F1E4F9}.Debug|Any CPU.Build.0 = Debug|Any CPU
		{18E5AC10-107D-474F-B5F3-373B41F1E4F9}.Release|Any CPU.ActiveCfg = Release|Any CPU
		{18E5AC10-107D-474F-B5F3-373B41F1E4F9}.Release|Any CPU.Build.0 = Release|Any CPU
	EndGlobalSection
	GlobalSection(SolutionProperties) = preSolution
		HideSolutionNode = FALSE
	EndGlobalSection
	GlobalSection(ExtensibilityGlobals) = postSolution
		SolutionGuid = {A55B6BDC-7145-40B3-941A-32C835C8D003}
	EndGlobalSection
EndGlobal
